
Microsoft Visual Studio Solution File, Format Version 12.00
# Visual Studio Version 16
VisualStudioVersion = 16.0.31424.327
MinimumVisualStudioVersion = 10.0.40219.1
Project("{FAE04EC0-301F-11D3-BF4B-00C04F79EFBC}") = "BowlingGameCLI", "BowlingGameCLI.csproj", "{FA70E474-8CC2-4940-9739-2C66CF5231B3}"
EndProject
Project("{FAE04EC0-301F-11D3-BF4B-00C04F79EFBC}") = "BowlingGame", "..\BowlingGame\BowlingGame.csproj", "{61A9A5FF-AE80-46ED-A001-DB3A12D50ADD}"
EndProject
Project("{FAE04EC0-301F-11D3-BF4B-00C04F79EFBC}") = "BowlingGame_MSTests", "..\BowlingGame_MSTests\BowlingGame_MSTests.csproj", "{4435751C-8F97-4A60-8632-8615C3E310B6}"
EndProject
Global
	GlobalSection(SolutionConfigurationPlatforms) = preSolution
		Debug|Any CPU = Debug|Any CPU
		Release|Any CPU = Release|Any CPU
	EndGlobalSection
	GlobalSection(ProjectConfigurationPlatforms) = postSolution
		{FA70E474-8CC2-4940-9739-2C66CF5231B3}.Debug|Any CPU.ActiveCfg = Debug|Any CPU
		{FA70E474-8CC2-4940-9739-2C66CF5231B3}.Debug|Any CPU.Build.0 = Debug|Any CPU
		{FA70E474-8CC2-4940-9739-2C66CF5231B3}.Release|Any CPU.ActiveCfg = Release|Any CPU
		{FA70E474-8CC2-4940-9739-2C66CF5231B3}.Release|Any CPU.Build.0 = Release|Any CPU
		{61A9A5FF-AE80-46ED-A001-DB3A12D50ADD}.Debug|Any CPU.ActiveCfg = Debug|Any CPU
		{61A9A5FF-AE80-46ED-A001-DB3A12D50ADD}.Debug|Any CPU.Build.0 = Debug|Any CPU
		{61A9A5FF-AE80-46ED-A001-DB3A12D50ADD}.Release|Any CPU.ActiveCfg = Release|Any CPU
		{61A9A5FF-AE80-46ED-A001-DB3A12D50ADD}.Release|Any CPU.Build.0 = Release|Any CPU
		{4435751C-8F97-4A60-8632-8615C3E310B6}.Debug|Any CPU.ActiveCfg = Debug|Any CPU
		{4435751C-8F97-4A60-8632-8615C3E310B6}.Debug|Any CPU.Build.0 = Debug|Any CPU
		{4435751C-8F97-4A60-8632-8615C3E310B6}.Release|Any CPU.ActiveCfg = Release|Any CPU
		{4435751C-8F97-4A60-8632-8615C3E310B6}.Release|Any CPU.Build.0 = Release|Any CPU
	EndGlobalSection
	GlobalSection(SolutionProperties) = preSolution
		HideSolutionNode = FALSE
	EndGlobalSection
	GlobalSection(ExtensibilityGlobals) = postSolution
		SolutionGuid = {22E5DFDC-1968-494F-8F52-4E2C209AB135}
	EndGlobalSection
EndGlobal
